
Microsoft Visual Studio Solution File, Format Version 12.00
# Visual Studio Version 17
VisualStudioVersion = 17.10.35122.118
MinimumVisualStudioVersion = 10.0.40219.1
Project("{FAE04EC0-301F-11D3-BF4B-00C04F79EFBC}") = "BankingApp", "BankingApp\BankingApp.csproj", "{C9983E78-DC57-406C-8ADB-ECFA67089A3E}"
EndProject
Global
	GlobalSection(SolutionConfigurationPlatforms) = preSolution
		Debug|Any CPU = Debug|Any CPU
		Release|Any CPU = Release|Any CPU
	EndGlobalSection
	GlobalSection(ProjectConfigurationPlatforms) = postSolution
		{C9983E78-DC57-406C-8ADB-ECFA67089A3E}.Debug|Any CPU.ActiveCfg = Debug|Any CPU
		{C9983E78-DC57-406C-8ADB-ECFA67089A3E}.Debug|Any CPU.Build.0 = Debug|Any CPU
		{C9983E78-DC57-406C-8ADB-ECFA67089A3E}.Release|Any CPU.ActiveCfg = Release|Any CPU
		{C9983E78-DC57-406C-8ADB-ECFA67089A3E}.Release|Any CPU.Build.0 = Release|Any CPU
	EndGlobalSection
	GlobalSection(SolutionProperties) = preSolution
		HideSolutionNode = FALSE
	EndGlobalSection
	GlobalSection(ExtensibilityGlobals) = postSolution
		SolutionGuid = {BCD359F8-E159-4F8B-AB75-16659F7383A0}
	EndGlobalSection
EndGlobal
